
Microsoft Visual Studio Solution File, Format Version 12.00
# Visual Studio Version 17
VisualStudioVersion = 17.2.32616.157
MinimumVisualStudioVersion = 10.0.40219.1
Project("{FAE04EC0-301F-11D3-BF4B-00C04F79EFBC}") = "QuestionNo3", "QuestionNo3.csproj", "{B42A7736-E5FE-4404-A7DB-F67225E587C9}"
EndProject
Global
	GlobalSection(SolutionConfigurationPlatforms) = preSolution
		Debug|Any CPU = Debug|Any CPU
		Release|Any CPU = Release|Any CPU
	EndGlobalSection
	GlobalSection(ProjectConfigurationPlatforms) = postSolution
		{B42A7736-E5FE-4404-A7DB-F67225E587C9}.Debug|Any CPU.ActiveCfg = Debug|Any CPU
		{B42A7736-E5FE-4404-A7DB-F67225E587C9}.Debug|Any CPU.Build.0 = Debug|Any CPU
		{B42A7736-E5FE-4404-A7DB-F67225E587C9}.Release|Any CPU.ActiveCfg = Release|Any CPU
		{B42A7736-E5FE-4404-A7DB-F67225E587C9}.Release|Any CPU.Build.0 = Release|Any CPU
	EndGlobalSection
	GlobalSection(SolutionProperties) = preSolution
		HideSolutionNode = FALSE
	EndGlobalSection
	GlobalSection(ExtensibilityGlobals) = postSolution
		SolutionGuid = {9EC96F13-9DF8-40F6-A629-2DF12FBFF33C}
	EndGlobalSection
EndGlobal
